
Microsoft Visual Studio Solution File, Format Version 12.00
# Visual Studio Version 17
VisualStudioVersion = 17.5.33414.496
MinimumVisualStudioVersion = 10.0.40219.1
Project("{9A19103F-16F7-4668-BE54-9A1E7A4F7556}") = "ChatWebAPI", "ChatWebAPI\ChatWebAPI.csproj", "{FEBE40A5-0AA3-4960-A3BE-FA66EC57F5AD}"
EndProject
Project("{FAE04EC0-301F-11D3-BF4B-00C04F79EFBC}") = "ChatData", "ChatData\ChatData.csproj", "{AF69EF94-2850-4381-BC0C-7A1DB4143633}"
EndProject
Project("{FAE04EC0-301F-11D3-BF4B-00C04F79EFBC}") = "ChatApplication", "ChatApplication\ChatApplication.csproj", "{0DC78B1E-F0FC-4E49-8AF6-D426C7AF8E32}"
EndProject
Project("{FAE04EC0-301F-11D3-BF4B-00C04F79EFBC}") = "ChatDomain", "ChatDomain\ChatDomain.csproj", "{205F4C40-6993-451C-AF26-0B9B652A33FB}"
EndProject
Global
	GlobalSection(SolutionConfigurationPlatforms) = preSolution
		Debug|Any CPU = Debug|Any CPU
		Release|Any CPU = Release|Any CPU
	EndGlobalSection
	GlobalSection(ProjectConfigurationPlatforms) = postSolution
		{FEBE40A5-0AA3-4960-A3BE-FA66EC57F5AD}.Debug|Any CPU.ActiveCfg = Debug|Any CPU
		{FEBE40A5-0AA3-4960-A3BE-FA66EC57F5AD}.Debug|Any CPU.Build.0 = Debug|Any CPU
		{FEBE40A5-0AA3-4960-A3BE-FA66EC57F5AD}.Release|Any CPU.ActiveCfg = Release|Any CPU
		{FEBE40A5-0AA3-4960-A3BE-FA66EC57F5AD}.Release|Any CPU.Build.0 = Release|Any CPU
		{AF69EF94-2850-4381-BC0C-7A1DB4143633}.Debug|Any CPU.ActiveCfg = Debug|Any CPU
		{AF69EF94-2850-4381-BC0C-7A1DB4143633}.Debug|Any CPU.Build.0 = Debug|Any CPU
		{AF69EF94-2850-4381-BC0C-7A1DB4143633}.Release|Any CPU.ActiveCfg = Release|Any CPU
		{AF69EF94-2850-4381-BC0C-7A1DB4143633}.Release|Any CPU.Build.0 = Release|Any CPU
		{0DC78B1E-F0FC-4E49-8AF6-D426C7AF8E32}.Debug|Any CPU.ActiveCfg = Debug|Any CPU
		{0DC78B1E-F0FC-4E49-8AF6-D426C7AF8E32}.Debug|Any CPU.Build.0 = Debug|Any CPU
		{0DC78B1E-F0FC-4E49-8AF6-D426C7AF8E32}.Release|Any CPU.ActiveCfg = Release|Any CPU
		{0DC78B1E-F0FC-4E49-8AF6-D426C7AF8E32}.Release|Any CPU.Build.0 = Release|Any CPU
		{205F4C40-6993-451C-AF26-0B9B652A33FB}.Debug|Any CPU.ActiveCfg = Debug|Any CPU
		{205F4C40-6993-451C-AF26-0B9B652A33FB}.Debug|Any CPU.Build.0 = Debug|Any CPU
		{205F4C40-6993-451C-AF26-0B9B652A33FB}.Release|Any CPU.ActiveCfg = Release|Any CPU
		{205F4C40-6993-451C-AF26-0B9B652A33FB}.Release|Any CPU.Build.0 = Release|Any CPU
	EndGlobalSection
	GlobalSection(SolutionProperties) = preSolution
		HideSolutionNode = FALSE
	EndGlobalSection
	GlobalSection(ExtensibilityGlobals) = postSolution
		SolutionGuid = {B6D51C80-080C-430A-B799-9594E6D74E76}
	EndGlobalSection
EndGlobal
